
Microsoft Visual Studio Solution File, Format Version 12.00
# Visual Studio 15
VisualStudioVersion = 15.0.26430.14
MinimumVisualStudioVersion = 10.0.40219.1
Project("{F184B08F-C81C-45F6-A57F-5ABD9991F28F}") = "AsyncTest1", "AsyncTest1\AsyncTest1.vbproj", "{A365D528-99F4-412F-89F2-46CDDE8FA549}"
EndProject
Global
	GlobalSection(SolutionConfigurationPlatforms) = preSolution
		Debug|Any CPU = Debug|Any CPU
		Release|Any CPU = Release|Any CPU
	EndGlobalSection
	GlobalSection(ProjectConfigurationPlatforms) = postSolution
		{A365D528-99F4-412F-89F2-46CDDE8FA549}.Debug|Any CPU.ActiveCfg = Debug|Any CPU
		{A365D528-99F4-412F-89F2-46CDDE8FA549}.Debug|Any CPU.Build.0 = Debug|Any CPU
		{A365D528-99F4-412F-89F2-46CDDE8FA549}.Release|Any CPU.ActiveCfg = Release|Any CPU
		{A365D528-99F4-412F-89F2-46CDDE8FA549}.Release|Any CPU.Build.0 = Release|Any CPU
	EndGlobalSection
	GlobalSection(SolutionProperties) = preSolution
		HideSolutionNode = FALSE
	EndGlobalSection
EndGlobal
